
Microsoft Visual Studio Solution File, Format Version 12.00
# Visual Studio 15
VisualStudioVersion = 15.0.28307.168
MinimumVisualStudioVersion = 10.0.40219.1
Project("{FAE04EC0-301F-11D3-BF4B-00C04F79EFBC}") = "Powell", "Powell\Powell.csproj", "{977E34CF-1893-48A3-9121-652DC5AA7611}"
EndProject
Global
	GlobalSection(SolutionConfigurationPlatforms) = preSolution
		Debug|Any CPU = Debug|Any CPU
		Release|Any CPU = Release|Any CPU
	EndGlobalSection
	GlobalSection(ProjectConfigurationPlatforms) = postSolution
		{977E34CF-1893-48A3-9121-652DC5AA7611}.Debug|Any CPU.ActiveCfg = Debug|Any CPU
		{977E34CF-1893-48A3-9121-652DC5AA7611}.Debug|Any CPU.Build.0 = Debug|Any CPU
		{977E34CF-1893-48A3-9121-652DC5AA7611}.Release|Any CPU.ActiveCfg = Release|Any CPU
		{977E34CF-1893-48A3-9121-652DC5AA7611}.Release|Any CPU.Build.0 = Release|Any CPU
	EndGlobalSection
	GlobalSection(SolutionProperties) = preSolution
		HideSolutionNode = FALSE
	EndGlobalSection
	GlobalSection(ExtensibilityGlobals) = postSolution
		SolutionGuid = {FA4BDF87-9D3E-40E4-8B0F-546751FD1D40}
	EndGlobalSection
EndGlobal
